
Microsoft Visual Studio Solution File, Format Version 12.00
# Visual Studio Version 17
VisualStudioVersion = 17.4.33110.190
MinimumVisualStudioVersion = 10.0.40219.1
Project("{FAE04EC0-301F-11D3-BF4B-00C04F79EFBC}") = "AudioAnalyzer", "AudioAnalyzer\AudioAnalyzer.csproj", "{5DDCE70D-1B54-4AAA-8D51-32B24B9F7D02}"
EndProject
Project("{2150E333-8FDC-42A3-9474-1A3956D46DE8}") = "Solution Items", "Solution Items", "{60E65AE1-1366-4B3A-A514-361110F7B1F8}"
	ProjectSection(SolutionItems) = preProject
		.editorconfig = .editorconfig
		README.md = README.md
	EndProjectSection
EndProject
Project("{6EC3EE1D-3C4E-46DD-8F32-0CC8E7565705}") = "AudioAnalyzer.Algorithms", "AudioAnalyzer.Algorithms\AudioAnalyzer.Algorithms.fsproj", "{F4E19636-9206-49D2-861E-FDEC943847F1}"
EndProject
Project("{9A19103F-16F7-4668-BE54-9A1E7A4F7556}") = "AudioAnalyzer.Algorithms.Tests", "AudioAnalyzer.Algorithms.Tests\AudioAnalyzer.Algorithms.Tests.csproj", "{8F826338-BBE8-481A-8D93-701688F356E4}"
EndProject
Global
	GlobalSection(SolutionConfigurationPlatforms) = preSolution
		Debug|Any CPU = Debug|Any CPU
		Release|Any CPU = Release|Any CPU
	EndGlobalSection
	GlobalSection(ProjectConfigurationPlatforms) = postSolution
		{5DDCE70D-1B54-4AAA-8D51-32B24B9F7D02}.Debug|Any CPU.ActiveCfg = Debug|Any CPU
		{5DDCE70D-1B54-4AAA-8D51-32B24B9F7D02}.Debug|Any CPU.Build.0 = Debug|Any CPU
		{5DDCE70D-1B54-4AAA-8D51-32B24B9F7D02}.Release|Any CPU.ActiveCfg = Release|Any CPU
		{5DDCE70D-1B54-4AAA-8D51-32B24B9F7D02}.Release|Any CPU.Build.0 = Release|Any CPU
		{F4E19636-9206-49D2-861E-FDEC943847F1}.Debug|Any CPU.ActiveCfg = Debug|Any CPU
		{F4E19636-9206-49D2-861E-FDEC943847F1}.Debug|Any CPU.Build.0 = Debug|Any CPU
		{F4E19636-9206-49D2-861E-FDEC943847F1}.Release|Any CPU.ActiveCfg = Release|Any CPU
		{F4E19636-9206-49D2-861E-FDEC943847F1}.Release|Any CPU.Build.0 = Release|Any CPU
		{8F826338-BBE8-481A-8D93-701688F356E4}.Debug|Any CPU.ActiveCfg = Debug|Any CPU
		{8F826338-BBE8-481A-8D93-701688F356E4}.Debug|Any CPU.Build.0 = Debug|Any CPU
		{8F826338-BBE8-481A-8D93-701688F356E4}.Release|Any CPU.ActiveCfg = Release|Any CPU
		{8F826338-BBE8-481A-8D93-701688F356E4}.Release|Any CPU.Build.0 = Release|Any CPU
	EndGlobalSection
	GlobalSection(SolutionProperties) = preSolution
		HideSolutionNode = FALSE
	EndGlobalSection
	GlobalSection(ExtensibilityGlobals) = postSolution
		SolutionGuid = {89E39197-9395-4BA0-839B-C4B1A30C94B2}
	EndGlobalSection
EndGlobal
