
Microsoft Visual Studio Solution File, Format Version 12.00
# Visual Studio Version 16
VisualStudioVersion = 16.0.31727.386
MinimumVisualStudioVersion = 10.0.40219.1
Project("{9A19103F-16F7-4668-BE54-9A1E7A4F7556}") = "Aud.IO", "Aud.IO\Aud.IO.csproj", "{A25EE2F1-07C9-440C-B46A-4DFF7E7C11C8}"
EndProject
Project("{9A19103F-16F7-4668-BE54-9A1E7A4F7556}") = "AudioMetadataViewer", "AudioMetadataViewer\AudioMetadataViewer.csproj", "{087B2B0E-1542-40A2-A646-0604A1717564}"
EndProject
Project("{9A19103F-16F7-4668-BE54-9A1E7A4F7556}") = "BasicAudioPlayer", "BasicAudioPlayer\BasicAudioPlayer.csproj", "{D2504487-06D7-42E5-B82B-03351AA6F942}"
EndProject
Project("{FAE04EC0-301F-11D3-BF4B-00C04F79EFBC}") = "AudioAnalyzer", "AudioAnalyzer\AudioAnalyzer.csproj", "{5DDCE70D-1B54-4AAA-8D51-32B24B9F7D02}"
EndProject
Project("{6EC3EE1D-3C4E-46DD-8F32-0CC8E7565705}") = "Aud.IO.Algorithms", "Aud.IO.Algorithms\Aud.IO.Algorithms.fsproj", "{6C1ABA8C-8D7C-46C9-B38A-C677A15BB997}"
EndProject
Project("{9A19103F-16F7-4668-BE54-9A1E7A4F7556}") = "Aud.IO.Algorithms.Tests", "Aud.IO.Algorithms.Tests\Aud.IO.Algorithms.Tests.csproj", "{AD0684CB-8D1B-42EB-980A-826099DBBDD8}"
EndProject
Project("{FAE04EC0-301F-11D3-BF4B-00C04F79EFBC}") = "Aud.IO.Tests", "Aud.IO.Tests\Aud.IO.Tests.csproj", "{720FF4EE-2E3B-4702-A0FB-3E6C6C0F0E32}"
EndProject
Global
	GlobalSection(SolutionConfigurationPlatforms) = preSolution
		Debug|Any CPU = Debug|Any CPU
		Release|Any CPU = Release|Any CPU
	EndGlobalSection
	GlobalSection(ProjectConfigurationPlatforms) = postSolution
		{A25EE2F1-07C9-440C-B46A-4DFF7E7C11C8}.Debug|Any CPU.ActiveCfg = Debug|Any CPU
		{A25EE2F1-07C9-440C-B46A-4DFF7E7C11C8}.Debug|Any CPU.Build.0 = Debug|Any CPU
		{A25EE2F1-07C9-440C-B46A-4DFF7E7C11C8}.Release|Any CPU.ActiveCfg = Release|Any CPU
		{A25EE2F1-07C9-440C-B46A-4DFF7E7C11C8}.Release|Any CPU.Build.0 = Release|Any CPU
		{087B2B0E-1542-40A2-A646-0604A1717564}.Debug|Any CPU.ActiveCfg = Debug|Any CPU
		{087B2B0E-1542-40A2-A646-0604A1717564}.Debug|Any CPU.Build.0 = Debug|Any CPU
		{087B2B0E-1542-40A2-A646-0604A1717564}.Release|Any CPU.ActiveCfg = Release|Any CPU
		{087B2B0E-1542-40A2-A646-0604A1717564}.Release|Any CPU.Build.0 = Release|Any CPU
		{D2504487-06D7-42E5-B82B-03351AA6F942}.Debug|Any CPU.ActiveCfg = Debug|Any CPU
		{D2504487-06D7-42E5-B82B-03351AA6F942}.Debug|Any CPU.Build.0 = Debug|Any CPU
		{D2504487-06D7-42E5-B82B-03351AA6F942}.Release|Any CPU.ActiveCfg = Release|Any CPU
		{D2504487-06D7-42E5-B82B-03351AA6F942}.Release|Any CPU.Build.0 = Release|Any CPU
		{5DDCE70D-1B54-4AAA-8D51-32B24B9F7D02}.Debug|Any CPU.ActiveCfg = Debug|Any CPU
		{5DDCE70D-1B54-4AAA-8D51-32B24B9F7D02}.Debug|Any CPU.Build.0 = Debug|Any CPU
		{5DDCE70D-1B54-4AAA-8D51-32B24B9F7D02}.Release|Any CPU.ActiveCfg = Release|Any CPU
		{5DDCE70D-1B54-4AAA-8D51-32B24B9F7D02}.Release|Any CPU.Build.0 = Release|Any CPU
		{6C1ABA8C-8D7C-46C9-B38A-C677A15BB997}.Debug|Any CPU.ActiveCfg = Debug|Any CPU
		{6C1ABA8C-8D7C-46C9-B38A-C677A15BB997}.Debug|Any CPU.Build.0 = Debug|Any CPU
		{6C1ABA8C-8D7C-46C9-B38A-C677A15BB997}.Release|Any CPU.ActiveCfg = Release|Any CPU
		{6C1ABA8C-8D7C-46C9-B38A-C677A15BB997}.Release|Any CPU.Build.0 = Release|Any CPU
		{AD0684CB-8D1B-42EB-980A-826099DBBDD8}.Debug|Any CPU.ActiveCfg = Debug|Any CPU
		{AD0684CB-8D1B-42EB-980A-826099DBBDD8}.Debug|Any CPU.Build.0 = Debug|Any CPU
		{AD0684CB-8D1B-42EB-980A-826099DBBDD8}.Release|Any CPU.ActiveCfg = Release|Any CPU
		{AD0684CB-8D1B-42EB-980A-826099DBBDD8}.Release|Any CPU.Build.0 = Release|Any CPU
		{720FF4EE-2E3B-4702-A0FB-3E6C6C0F0E32}.Debug|Any CPU.ActiveCfg = Debug|Any CPU
		{720FF4EE-2E3B-4702-A0FB-3E6C6C0F0E32}.Debug|Any CPU.Build.0 = Debug|Any CPU
		{720FF4EE-2E3B-4702-A0FB-3E6C6C0F0E32}.Release|Any CPU.ActiveCfg = Release|Any CPU
		{720FF4EE-2E3B-4702-A0FB-3E6C6C0F0E32}.Release|Any CPU.Build.0 = Release|Any CPU
	EndGlobalSection
	GlobalSection(SolutionProperties) = preSolution
		HideSolutionNode = FALSE
	EndGlobalSection
	GlobalSection(ExtensibilityGlobals) = postSolution
		SolutionGuid = {89E39197-9395-4BA0-839B-C4B1A30C94B2}
	EndGlobalSection
EndGlobal
